
Microsoft Visual Studio Solution File, Format Version 12.00
# Visual Studio Version 17
VisualStudioVersion = 17.5.33414.496
MinimumVisualStudioVersion = 10.0.40219.1
Project("{9A19103F-16F7-4668-BE54-9A1E7A4F7556}") = "ShoppingWebAPI", "ShoppingWebAPI\ShoppingWebAPI.csproj", "{F584E482-0C13-4DFC-9D03-08FE776CA4CE}"
EndProject
Project("{FAE04EC0-301F-11D3-BF4B-00C04F79EFBC}") = "WebPages", "..\WebPagesAPI\WebPages\WebPages.csproj", "{1AF62AC5-57D9-408D-984C-52EC51CBF6B1}"
EndProject
Global
	GlobalSection(SolutionConfigurationPlatforms) = preSolution
		Debug|Any CPU = Debug|Any CPU
		Release|Any CPU = Release|Any CPU
	EndGlobalSection
	GlobalSection(ProjectConfigurationPlatforms) = postSolution
		{F584E482-0C13-4DFC-9D03-08FE776CA4CE}.Debug|Any CPU.ActiveCfg = Debug|Any CPU
		{F584E482-0C13-4DFC-9D03-08FE776CA4CE}.Debug|Any CPU.Build.0 = Debug|Any CPU
		{F584E482-0C13-4DFC-9D03-08FE776CA4CE}.Release|Any CPU.ActiveCfg = Release|Any CPU
		{F584E482-0C13-4DFC-9D03-08FE776CA4CE}.Release|Any CPU.Build.0 = Release|Any CPU
		{1AF62AC5-57D9-408D-984C-52EC51CBF6B1}.Debug|Any CPU.ActiveCfg = Debug|Any CPU
		{1AF62AC5-57D9-408D-984C-52EC51CBF6B1}.Debug|Any CPU.Build.0 = Debug|Any CPU
		{1AF62AC5-57D9-408D-984C-52EC51CBF6B1}.Release|Any CPU.ActiveCfg = Release|Any CPU
		{1AF62AC5-57D9-408D-984C-52EC51CBF6B1}.Release|Any CPU.Build.0 = Release|Any CPU
	EndGlobalSection
	GlobalSection(SolutionProperties) = preSolution
		HideSolutionNode = FALSE
	EndGlobalSection
	GlobalSection(ExtensibilityGlobals) = postSolution
		SolutionGuid = {8368E688-6E0E-4520-A3B3-81BD5B4C08E5}
	EndGlobalSection
EndGlobal
